
Microsoft Visual Studio Solution File, Format Version 12.00
# Visual Studio Version 17
VisualStudioVersion = 17.2.32630.192
MinimumVisualStudioVersion = 10.0.40219.1
Project("{9A19103F-16F7-4668-BE54-9A1E7A4F7556}") = "R5T.O0020.Construction", "R5T.O0020.Construction\R5T.O0020.Construction.csproj", "{5B43312A-31BF-42A5-88B6-B4930F66EBC6}"
EndProject
Project("{9A19103F-16F7-4668-BE54-9A1E7A4F7556}") = "R5T.O0020", "R5T.O0020\R5T.O0020.csproj", "{1F288BAC-B734-4BDE-BD26-9093629D8829}"
EndProject
Project("{2150E333-8FDC-42A3-9474-1A3956D46DE8}") = "_Dependencies", "_Dependencies", "{B09F402F-87FC-4593-862F-31415A2540A1}"
EndProject
Project("{9A19103F-16F7-4668-BE54-9A1E7A4F7556}") = "R5T.F0000", "..\..\R5T.F0000\source\R5T.F0000\R5T.F0000.csproj", "{4EE3BDB0-0D7F-45C4-9395-13A9C428CFDA}"
EndProject
Project("{9A19103F-16F7-4668-BE54-9A1E7A4F7556}") = "R5T.F0002", "..\..\R5T.F0002\source\R5T.F0002\R5T.F0002.csproj", "{F6E5A500-5513-427B-99A2-E729435F078A}"
EndProject
Project("{9A19103F-16F7-4668-BE54-9A1E7A4F7556}") = "R5T.F0120", "..\..\R5T.F0120\source\R5T.F0120\R5T.F0120.csproj", "{E91A9138-DDA9-402C-8B1D-F99634DBBABF}"
EndProject
Project("{9A19103F-16F7-4668-BE54-9A1E7A4F7556}") = "R5T.F0124", "..\..\R5T.F0124\source\R5T.F0124\R5T.F0124.csproj", "{FA352441-BE91-4E83-9CD0-962078F70073}"
EndProject
Project("{9A19103F-16F7-4668-BE54-9A1E7A4F7556}") = "R5T.F0125", "..\..\R5T.F0125\source\R5T.F0125\R5T.F0125.csproj", "{7F8A142E-0322-4FCD-95B2-F479AB38FD2D}"
EndProject
Project("{9A19103F-16F7-4668-BE54-9A1E7A4F7556}") = "R5T.F0135", "..\..\R5T.F0135\source\R5T.F0135\R5T.F0135.csproj", "{E7CDBF75-AF23-43AE-863A-A0E46A444426}"
EndProject
Project("{9A19103F-16F7-4668-BE54-9A1E7A4F7556}") = "R5T.L0030.T000", "..\..\R5T.L0030\source\R5T.L0030.T000\R5T.L0030.T000.csproj", "{8DB31BC4-75EE-4B54-ABFA-D4A685171A1A}"
EndProject
Project("{9A19103F-16F7-4668-BE54-9A1E7A4F7556}") = "R5T.L0030", "..\..\R5T.L0030\source\R5T.L0030\R5T.L0030.csproj", "{93B8671A-4F9B-4D6A-8D7E-29822AA55F15}"
EndProject
Project("{9A19103F-16F7-4668-BE54-9A1E7A4F7556}") = "R5T.L0034", "..\..\R5T.L0034\source\R5T.L0034\R5T.L0034.csproj", "{5E16DAE8-D757-4C10-B722-3DD3735E0D73}"
EndProject
Project("{9A19103F-16F7-4668-BE54-9A1E7A4F7556}") = "R5T.L0035", "..\..\R5T.L0035\source\R5T.L0035\R5T.L0035.csproj", "{FE8898AE-D211-4231-9AC1-7EFDA032AAF9}"
EndProject
Project("{9A19103F-16F7-4668-BE54-9A1E7A4F7556}") = "R5T.NG0021", "..\..\R5T.NG0021\source\R5T.NG0021\R5T.NG0021.csproj", "{C0E90CB2-66AB-473F-8D63-CE3CBECAE43B}"
EndProject
Project("{9A19103F-16F7-4668-BE54-9A1E7A4F7556}") = "R5T.T0131", "..\..\R5T.T0131\source\R5T.T0131\R5T.T0131.csproj", "{61C5C347-35A3-4E47-9573-E2CC3F41FFC2}"
EndProject
Project("{9A19103F-16F7-4668-BE54-9A1E7A4F7556}") = "R5T.T0132", "..\..\R5T.T0132\source\R5T.T0132\R5T.T0132.csproj", "{D4D78871-E872-41C1-B2B4-D91DDF3BA976}"
EndProject
Project("{9A19103F-16F7-4668-BE54-9A1E7A4F7556}") = "R5T.T0142", "..\..\R5T.T0142\source\R5T.T0142\R5T.T0142.csproj", "{55AF959B-7C50-4335-9BF3-63AC8A4E67FC}"
EndProject
Project("{9A19103F-16F7-4668-BE54-9A1E7A4F7556}") = "R5T.T0143", "..\..\R5T.T0143\source\R5T.T0143\R5T.T0143.csproj", "{FA289C82-CD72-4F5D-B909-F8B9BFEE4390}"
EndProject
Project("{9A19103F-16F7-4668-BE54-9A1E7A4F7556}") = "R5T.T0156", "..\..\R5T.T0156\source\R5T.T0156\R5T.T0156.csproj", "{7251308A-EA5A-4D16-A4D5-D09FF8EBE7E1}"
EndProject
Project("{9A19103F-16F7-4668-BE54-9A1E7A4F7556}") = "R5T.T0174", "..\..\R5T.T0174\source\R5T.T0174\R5T.T0174.csproj", "{CE35FD56-8C0C-4D05-B8E3-7AF7D6788FB2}"
EndProject
Project("{9A19103F-16F7-4668-BE54-9A1E7A4F7556}") = "R5T.T0176", "..\..\R5T.T0176\source\R5T.T0176\R5T.T0176.csproj", "{E9E7DD7F-D4AD-4248-B989-0751A07668AC}"
EndProject
Project("{9A19103F-16F7-4668-BE54-9A1E7A4F7556}") = "R5T.T0177", "..\..\R5T.T0177\source\R5T.T0177\R5T.T0177.csproj", "{6A43806D-B4D5-4E79-B024-9DD2742C4910}"
EndProject
Project("{9A19103F-16F7-4668-BE54-9A1E7A4F7556}") = "R5T.T0178", "..\..\R5T.T0178\source\R5T.T0178\R5T.T0178.csproj", "{5D168D87-74B6-47E4-9D0F-11D0E6BCF32C}"
EndProject
Project("{9A19103F-16F7-4668-BE54-9A1E7A4F7556}") = "R5T.T0179", "..\..\R5T.T0179\source\R5T.T0179\R5T.T0179.csproj", "{456FA305-E0EB-4645-AF38-8A3629B14189}"
EndProject
Project("{9A19103F-16F7-4668-BE54-9A1E7A4F7556}") = "R5T.T0180", "..\..\R5T.T0180\source\R5T.T0180\R5T.T0180.csproj", "{B8D9DC8C-436D-43BD-80B3-D82BBE16D72D}"
EndProject
Project("{9A19103F-16F7-4668-BE54-9A1E7A4F7556}") = "R5T.T0181", "..\..\R5T.T0181\source\R5T.T0181\R5T.T0181.csproj", "{5E83CA7D-960A-49D1-8C41-DC8D4B3AD71A}"
EndProject
Project("{9A19103F-16F7-4668-BE54-9A1E7A4F7556}") = "R5T.T0185", "..\..\R5T.T0185\source\R5T.T0185\R5T.T0185.csproj", "{AFC95E22-F28A-4F58-9DEC-6424648A6794}"
EndProject
Project("{9A19103F-16F7-4668-BE54-9A1E7A4F7556}") = "R5T.T0203", "..\..\R5T.T0203\source\R5T.T0203\R5T.T0203.csproj", "{D86418BE-46FF-4E5A-8E0F-B3920BF0BB05}"
EndProject
Project("{9A19103F-16F7-4668-BE54-9A1E7A4F7556}") = "R5T.Y0000", "..\..\R5T.Y0000\source\R5T.Y0000\R5T.Y0000.csproj", "{431370FE-83BF-4ADE-B4A0-4C7A7CB131A0}"
EndProject
Project("{9A19103F-16F7-4668-BE54-9A1E7A4F7556}") = "R5T.Z0000", "..\..\R5T.Z0000\source\R5T.Z0000\R5T.Z0000.csproj", "{52A7DF38-AB89-4086-AB1B-C75CD937A9E8}"
EndProject
Global
	GlobalSection(NestedProjects) = preSolution
		{4EE3BDB0-0D7F-45C4-9395-13A9C428CFDA} = {B09F402F-87FC-4593-862F-31415A2540A1}
		{F6E5A500-5513-427B-99A2-E729435F078A} = {B09F402F-87FC-4593-862F-31415A2540A1}
		{E91A9138-DDA9-402C-8B1D-F99634DBBABF} = {B09F402F-87FC-4593-862F-31415A2540A1}
		{FA352441-BE91-4E83-9CD0-962078F70073} = {B09F402F-87FC-4593-862F-31415A2540A1}
		{7F8A142E-0322-4FCD-95B2-F479AB38FD2D} = {B09F402F-87FC-4593-862F-31415A2540A1}
		{E7CDBF75-AF23-43AE-863A-A0E46A444426} = {B09F402F-87FC-4593-862F-31415A2540A1}
		{8DB31BC4-75EE-4B54-ABFA-D4A685171A1A} = {B09F402F-87FC-4593-862F-31415A2540A1}
		{93B8671A-4F9B-4D6A-8D7E-29822AA55F15} = {B09F402F-87FC-4593-862F-31415A2540A1}
		{5E16DAE8-D757-4C10-B722-3DD3735E0D73} = {B09F402F-87FC-4593-862F-31415A2540A1}
		{FE8898AE-D211-4231-9AC1-7EFDA032AAF9} = {B09F402F-87FC-4593-862F-31415A2540A1}
		{C0E90CB2-66AB-473F-8D63-CE3CBECAE43B} = {B09F402F-87FC-4593-862F-31415A2540A1}
		{61C5C347-35A3-4E47-9573-E2CC3F41FFC2} = {B09F402F-87FC-4593-862F-31415A2540A1}
		{D4D78871-E872-41C1-B2B4-D91DDF3BA976} = {B09F402F-87FC-4593-862F-31415A2540A1}
		{55AF959B-7C50-4335-9BF3-63AC8A4E67FC} = {B09F402F-87FC-4593-862F-31415A2540A1}
		{FA289C82-CD72-4F5D-B909-F8B9BFEE4390} = {B09F402F-87FC-4593-862F-31415A2540A1}
		{7251308A-EA5A-4D16-A4D5-D09FF8EBE7E1} = {B09F402F-87FC-4593-862F-31415A2540A1}
		{CE35FD56-8C0C-4D05-B8E3-7AF7D6788FB2} = {B09F402F-87FC-4593-862F-31415A2540A1}
		{E9E7DD7F-D4AD-4248-B989-0751A07668AC} = {B09F402F-87FC-4593-862F-31415A2540A1}
		{6A43806D-B4D5-4E79-B024-9DD2742C4910} = {B09F402F-87FC-4593-862F-31415A2540A1}
		{5D168D87-74B6-47E4-9D0F-11D0E6BCF32C} = {B09F402F-87FC-4593-862F-31415A2540A1}
		{456FA305-E0EB-4645-AF38-8A3629B14189} = {B09F402F-87FC-4593-862F-31415A2540A1}
		{B8D9DC8C-436D-43BD-80B3-D82BBE16D72D} = {B09F402F-87FC-4593-862F-31415A2540A1}
		{5E83CA7D-960A-49D1-8C41-DC8D4B3AD71A} = {B09F402F-87FC-4593-862F-31415A2540A1}
		{AFC95E22-F28A-4F58-9DEC-6424648A6794} = {B09F402F-87FC-4593-862F-31415A2540A1}
		{D86418BE-46FF-4E5A-8E0F-B3920BF0BB05} = {B09F402F-87FC-4593-862F-31415A2540A1}
		{431370FE-83BF-4ADE-B4A0-4C7A7CB131A0} = {B09F402F-87FC-4593-862F-31415A2540A1}
		{52A7DF38-AB89-4086-AB1B-C75CD937A9E8} = {B09F402F-87FC-4593-862F-31415A2540A1}
	EndGlobalSection
	GlobalSection(SolutionConfigurationPlatforms) = preSolution
		Debug|Any CPU = Debug|Any CPU
		Release|Any CPU = Release|Any CPU
	EndGlobalSection
	GlobalSection(ProjectConfigurationPlatforms) = postSolution
		{5B43312A-31BF-42A5-88B6-B4930F66EBC6}.Debug|Any CPU.ActiveCfg = Debug|Any CPU
		{5B43312A-31BF-42A5-88B6-B4930F66EBC6}.Debug|Any CPU.Build.0 = Debug|Any CPU
		{5B43312A-31BF-42A5-88B6-B4930F66EBC6}.Release|Any CPU.ActiveCfg = Release|Any CPU
		{5B43312A-31BF-42A5-88B6-B4930F66EBC6}.Release|Any CPU.Build.0 = Release|Any CPU
		{1F288BAC-B734-4BDE-BD26-9093629D8829}.Debug|Any CPU.ActiveCfg = Debug|Any CPU
		{1F288BAC-B734-4BDE-BD26-9093629D8829}.Debug|Any CPU.Build.0 = Debug|Any CPU
		{1F288BAC-B734-4BDE-BD26-9093629D8829}.Release|Any CPU.ActiveCfg = Release|Any CPU
		{1F288BAC-B734-4BDE-BD26-9093629D8829}.Release|Any CPU.Build.0 = Release|Any CPU
		{4EE3BDB0-0D7F-45C4-9395-13A9C428CFDA}.Debug|Any CPU.ActiveCfg = Debug|Any CPU
		{4EE3BDB0-0D7F-45C4-9395-13A9C428CFDA}.Debug|Any CPU.Build.0 = Debug|Any CPU
		{4EE3BDB0-0D7F-45C4-9395-13A9C428CFDA}.Release|Any CPU.ActiveCfg = Release|Any CPU
		{4EE3BDB0-0D7F-45C4-9395-13A9C428CFDA}.Release|Any CPU.Build.0 = Release|Any CPU
		{F6E5A500-5513-427B-99A2-E729435F078A}.Debug|Any CPU.ActiveCfg = Debug|Any CPU
		{F6E5A500-5513-427B-99A2-E729435F078A}.Debug|Any CPU.Build.0 = Debug|Any CPU
		{F6E5A500-5513-427B-99A2-E729435F078A}.Release|Any CPU.ActiveCfg = Release|Any CPU
		{F6E5A500-5513-427B-99A2-E729435F078A}.Release|Any CPU.Build.0 = Release|Any CPU
		{E91A9138-DDA9-402C-8B1D-F99634DBBABF}.Debug|Any CPU.ActiveCfg = Debug|Any CPU
		{E91A9138-DDA9-402C-8B1D-F99634DBBABF}.Debug|Any CPU.Build.0 = Debug|Any CPU
		{E91A9138-DDA9-402C-8B1D-F99634DBBABF}.Release|Any CPU.ActiveCfg = Release|Any CPU
		{E91A9138-DDA9-402C-8B1D-F99634DBBABF}.Release|Any CPU.Build.0 = Release|Any CPU
		{FA352441-BE91-4E83-9CD0-962078F70073}.Debug|Any CPU.ActiveCfg = Debug|Any CPU
		{FA352441-BE91-4E83-9CD0-962078F70073}.Debug|Any CPU.Build.0 = Debug|Any CPU
		{FA352441-BE91-4E83-9CD0-962078F70073}.Release|Any CPU.ActiveCfg = Release|Any CPU
		{FA352441-BE91-4E83-9CD0-962078F70073}.Release|Any CPU.Build.0 = Release|Any CPU
		{7F8A142E-0322-4FCD-95B2-F479AB38FD2D}.Debug|Any CPU.ActiveCfg = Debug|Any CPU
		{7F8A142E-0322-4FCD-95B2-F479AB38FD2D}.Debug|Any CPU.Build.0 = Debug|Any CPU
		{7F8A142E-0322-4FCD-95B2-F479AB38FD2D}.Release|Any CPU.ActiveCfg = Release|Any CPU
		{7F8A142E-0322-4FCD-95B2-F479AB38FD2D}.Release|Any CPU.Build.0 = Release|Any CPU
		{E7CDBF75-AF23-43AE-863A-A0E46A444426}.Debug|Any CPU.ActiveCfg = Debug|Any CPU
		{E7CDBF75-AF23-43AE-863A-A0E46A444426}.Debug|Any CPU.Build.0 = Debug|Any CPU
		{E7CDBF75-AF23-43AE-863A-A0E46A444426}.Release|Any CPU.ActiveCfg = Release|Any CPU
		{E7CDBF75-AF23-43AE-863A-A0E46A444426}.Release|Any CPU.Build.0 = Release|Any CPU
		{8DB31BC4-75EE-4B54-ABFA-D4A685171A1A}.Debug|Any CPU.ActiveCfg = Debug|Any CPU
		{8DB31BC4-75EE-4B54-ABFA-D4A685171A1A}.Debug|Any CPU.Build.0 = Debug|Any CPU
		{8DB31BC4-75EE-4B54-ABFA-D4A685171A1A}.Release|Any CPU.ActiveCfg = Release|Any CPU
		{8DB31BC4-75EE-4B54-ABFA-D4A685171A1A}.Release|Any CPU.Build.0 = Release|Any CPU
		{93B8671A-4F9B-4D6A-8D7E-29822AA55F15}.Debug|Any CPU.ActiveCfg = Debug|Any CPU
		{93B8671A-4F9B-4D6A-8D7E-29822AA55F15}.Debug|Any CPU.Build.0 = Debug|Any CPU
		{93B8671A-4F9B-4D6A-8D7E-29822AA55F15}.Release|Any CPU.ActiveCfg = Release|Any CPU
		{93B8671A-4F9B-4D6A-8D7E-29822AA55F15}.Release|Any CPU.Build.0 = Release|Any CPU
		{5E16DAE8-D757-4C10-B722-3DD3735E0D73}.Debug|Any CPU.ActiveCfg = Debug|Any CPU
		{5E16DAE8-D757-4C10-B722-3DD3735E0D73}.Debug|Any CPU.Build.0 = Debug|Any CPU
		{5E16DAE8-D757-4C10-B722-3DD3735E0D73}.Release|Any CPU.ActiveCfg = Release|Any CPU
		{5E16DAE8-D757-4C10-B722-3DD3735E0D73}.Release|Any CPU.Build.0 = Release|Any CPU
		{FE8898AE-D211-4231-9AC1-7EFDA032AAF9}.Debug|Any CPU.ActiveCfg = Debug|Any CPU
		{FE8898AE-D211-4231-9AC1-7EFDA032AAF9}.Debug|Any CPU.Build.0 = Debug|Any CPU
		{FE8898AE-D211-4231-9AC1-7EFDA032AAF9}.Release|Any CPU.ActiveCfg = Release|Any CPU
		{FE8898AE-D211-4231-9AC1-7EFDA032AAF9}.Release|Any CPU.Build.0 = Release|Any CPU
		{C0E90CB2-66AB-473F-8D63-CE3CBECAE43B}.Debug|Any CPU.ActiveCfg = Debug|Any CPU
		{C0E90CB2-66AB-473F-8D63-CE3CBECAE43B}.Debug|Any CPU.Build.0 = Debug|Any CPU
		{C0E90CB2-66AB-473F-8D63-CE3CBECAE43B}.Release|Any CPU.ActiveCfg = Release|Any CPU
		{C0E90CB2-66AB-473F-8D63-CE3CBECAE43B}.Release|Any CPU.Build.0 = Release|Any CPU
		{61C5C347-35A3-4E47-9573-E2CC3F41FFC2}.Debug|Any CPU.ActiveCfg = Debug|Any CPU
		{61C5C347-35A3-4E47-9573-E2CC3F41FFC2}.Debug|Any CPU.Build.0 = Debug|Any CPU
		{61C5C347-35A3-4E47-9573-E2CC3F41FFC2}.Release|Any CPU.ActiveCfg = Release|Any CPU
		{61C5C347-35A3-4E47-9573-E2CC3F41FFC2}.Release|Any CPU.Build.0 = Release|Any CPU
		{D4D78871-E872-41C1-B2B4-D91DDF3BA976}.Debug|Any CPU.ActiveCfg = Debug|Any CPU
		{D4D78871-E872-41C1-B2B4-D91DDF3BA976}.Debug|Any CPU.Build.0 = Debug|Any CPU
		{D4D78871-E872-41C1-B2B4-D91DDF3BA976}.Release|Any CPU.ActiveCfg = Release|Any CPU
		{D4D78871-E872-41C1-B2B4-D91DDF3BA976}.Release|Any CPU.Build.0 = Release|Any CPU
		{55AF959B-7C50-4335-9BF3-63AC8A4E67FC}.Debug|Any CPU.ActiveCfg = Debug|Any CPU
		{55AF959B-7C50-4335-9BF3-63AC8A4E67FC}.Debug|Any CPU.Build.0 = Debug|Any CPU
		{55AF959B-7C50-4335-9BF3-63AC8A4E67FC}.Release|Any CPU.ActiveCfg = Release|Any CPU
		{55AF959B-7C50-4335-9BF3-63AC8A4E67FC}.Release|Any CPU.Build.0 = Release|Any CPU
		{FA289C82-CD72-4F5D-B909-F8B9BFEE4390}.Debug|Any CPU.ActiveCfg = Debug|Any CPU
		{FA289C82-CD72-4F5D-B909-F8B9BFEE4390}.Debug|Any CPU.Build.0 = Debug|Any CPU
		{FA289C82-CD72-4F5D-B909-F8B9BFEE4390}.Release|Any CPU.ActiveCfg = Release|Any CPU
		{FA289C82-CD72-4F5D-B909-F8B9BFEE4390}.Release|Any CPU.Build.0 = Release|Any CPU
		{7251308A-EA5A-4D16-A4D5-D09FF8EBE7E1}.Debug|Any CPU.ActiveCfg = Debug|Any CPU
		{7251308A-EA5A-4D16-A4D5-D09FF8EBE7E1}.Debug|Any CPU.Build.0 = Debug|Any CPU
		{7251308A-EA5A-4D16-A4D5-D09FF8EBE7E1}.Release|Any CPU.ActiveCfg = Release|Any CPU
		{7251308A-EA5A-4D16-A4D5-D09FF8EBE7E1}.Release|Any CPU.Build.0 = Release|Any CPU
		{CE35FD56-8C0C-4D05-B8E3-7AF7D6788FB2}.Debug|Any CPU.ActiveCfg = Debug|Any CPU
		{CE35FD56-8C0C-4D05-B8E3-7AF7D6788FB2}.Debug|Any CPU.Build.0 = Debug|Any CPU
		{CE35FD56-8C0C-4D05-B8E3-7AF7D6788FB2}.Release|Any CPU.ActiveCfg = Release|Any CPU
		{CE35FD56-8C0C-4D05-B8E3-7AF7D6788FB2}.Release|Any CPU.Build.0 = Release|Any CPU
		{E9E7DD7F-D4AD-4248-B989-0751A07668AC}.Debug|Any CPU.ActiveCfg = Debug|Any CPU
		{E9E7DD7F-D4AD-4248-B989-0751A07668AC}.Debug|Any CPU.Build.0 = Debug|Any CPU
		{E9E7DD7F-D4AD-4248-B989-0751A07668AC}.Release|Any CPU.ActiveCfg = Release|Any CPU
		{E9E7DD7F-D4AD-4248-B989-0751A07668AC}.Release|Any CPU.Build.0 = Release|Any CPU
		{6A43806D-B4D5-4E79-B024-9DD2742C4910}.Debug|Any CPU.ActiveCfg = Debug|Any CPU
		{6A43806D-B4D5-4E79-B024-9DD2742C4910}.Debug|Any CPU.Build.0 = Debug|Any CPU
		{6A43806D-B4D5-4E79-B024-9DD2742C4910}.Release|Any CPU.ActiveCfg = Release|Any CPU
		{6A43806D-B4D5-4E79-B024-9DD2742C4910}.Release|Any CPU.Build.0 = Release|Any CPU
		{5D168D87-74B6-47E4-9D0F-11D0E6BCF32C}.Debug|Any CPU.ActiveCfg = Debug|Any CPU
		{5D168D87-74B6-47E4-9D0F-11D0E6BCF32C}.Debug|Any CPU.Build.0 = Debug|Any CPU
		{5D168D87-74B6-47E4-9D0F-11D0E6BCF32C}.Release|Any CPU.ActiveCfg = Release|Any CPU
		{5D168D87-74B6-47E4-9D0F-11D0E6BCF32C}.Release|Any CPU.Build.0 = Release|Any CPU
		{456FA305-E0EB-4645-AF38-8A3629B14189}.Debug|Any CPU.ActiveCfg = Debug|Any CPU
		{456FA305-E0EB-4645-AF38-8A3629B14189}.Debug|Any CPU.Build.0 = Debug|Any CPU
		{456FA305-E0EB-4645-AF38-8A3629B14189}.Release|Any CPU.ActiveCfg = Release|Any CPU
		{456FA305-E0EB-4645-AF38-8A3629B14189}.Release|Any CPU.Build.0 = Release|Any CPU
		{B8D9DC8C-436D-43BD-80B3-D82BBE16D72D}.Debug|Any CPU.ActiveCfg = Debug|Any CPU
		{B8D9DC8C-436D-43BD-80B3-D82BBE16D72D}.Debug|Any CPU.Build.0 = Debug|Any CPU
		{B8D9DC8C-436D-43BD-80B3-D82BBE16D72D}.Release|Any CPU.ActiveCfg = Release|Any CPU
		{B8D9DC8C-436D-43BD-80B3-D82BBE16D72D}.Release|Any CPU.Build.0 = Release|Any CPU
		{5E83CA7D-960A-49D1-8C41-DC8D4B3AD71A}.Debug|Any CPU.ActiveCfg = Debug|Any CPU
		{5E83CA7D-960A-49D1-8C41-DC8D4B3AD71A}.Debug|Any CPU.Build.0 = Debug|Any CPU
		{5E83CA7D-960A-49D1-8C41-DC8D4B3AD71A}.Release|Any CPU.ActiveCfg = Release|Any CPU
		{5E83CA7D-960A-49D1-8C41-DC8D4B3AD71A}.Release|Any CPU.Build.0 = Release|Any CPU
		{AFC95E22-F28A-4F58-9DEC-6424648A6794}.Debug|Any CPU.ActiveCfg = Debug|Any CPU
		{AFC95E22-F28A-4F58-9DEC-6424648A6794}.Debug|Any CPU.Build.0 = Debug|Any CPU
		{AFC95E22-F28A-4F58-9DEC-6424648A6794}.Release|Any CPU.ActiveCfg = Release|Any CPU
		{AFC95E22-F28A-4F58-9DEC-6424648A6794}.Release|Any CPU.Build.0 = Release|Any CPU
		{D86418BE-46FF-4E5A-8E0F-B3920BF0BB05}.Debug|Any CPU.ActiveCfg = Debug|Any CPU
		{D86418BE-46FF-4E5A-8E0F-B3920BF0BB05}.Debug|Any CPU.Build.0 = Debug|Any CPU
		{D86418BE-46FF-4E5A-8E0F-B3920BF0BB05}.Release|Any CPU.ActiveCfg = Release|Any CPU
		{D86418BE-46FF-4E5A-8E0F-B3920BF0BB05}.Release|Any CPU.Build.0 = Release|Any CPU
		{431370FE-83BF-4ADE-B4A0-4C7A7CB131A0}.Debug|Any CPU.ActiveCfg = Debug|Any CPU
		{431370FE-83BF-4ADE-B4A0-4C7A7CB131A0}.Debug|Any CPU.Build.0 = Debug|Any CPU
		{431370FE-83BF-4ADE-B4A0-4C7A7CB131A0}.Release|Any CPU.ActiveCfg = Release|Any CPU
		{431370FE-83BF-4ADE-B4A0-4C7A7CB131A0}.Release|Any CPU.Build.0 = Release|Any CPU
		{52A7DF38-AB89-4086-AB1B-C75CD937A9E8}.Debug|Any CPU.ActiveCfg = Debug|Any CPU
		{52A7DF38-AB89-4086-AB1B-C75CD937A9E8}.Debug|Any CPU.Build.0 = Debug|Any CPU
		{52A7DF38-AB89-4086-AB1B-C75CD937A9E8}.Release|Any CPU.ActiveCfg = Release|Any CPU
		{52A7DF38-AB89-4086-AB1B-C75CD937A9E8}.Release|Any CPU.Build.0 = Release|Any CPU
	EndGlobalSection
	GlobalSection(SolutionProperties) = preSolution
		HideSolutionNode = FALSE
	EndGlobalSection
	GlobalSection(ExtensibilityGlobals) = postSolution
		SolutionGuid = {CD7B54C4-4DF1-45F3-84B8-53F67C8F1CBD}
	EndGlobalSection
EndGlobal
