
Microsoft Visual Studio Solution File, Format Version 12.00
# Visual Studio Version 17
VisualStudioVersion = 17.2.32630.192
MinimumVisualStudioVersion = 10.0.40219.1
Project("{9A19103F-16F7-4668-BE54-9A1E7A4F7556}") = "R5T.O0020", "R5T.O0020\R5T.O0020.csproj", "{86C25092-A80E-438B-95C4-AE5DBBCA65D5}"
EndProject
Project("{2150E333-8FDC-42A3-9474-1A3956D46DE8}") = "_Dependencies", "_Dependencies", "{8B369430-68F1-46AA-A61D-F8CF02AC4D72}"
EndProject
Project("{9A19103F-16F7-4668-BE54-9A1E7A4F7556}") = "R5T.F0000", "..\..\R5T.F0000\source\R5T.F0000\R5T.F0000.csproj", "{14DBA74D-76F1-4ED5-BAF0-EA68EC75AD7F}"
EndProject
Project("{9A19103F-16F7-4668-BE54-9A1E7A4F7556}") = "R5T.F0002", "..\..\R5T.F0002\source\R5T.F0002\R5T.F0002.csproj", "{DD02D3F8-58DC-4ADB-8FCF-2B9E8262A34E}"
EndProject
Project("{9A19103F-16F7-4668-BE54-9A1E7A4F7556}") = "R5T.F0120", "..\..\R5T.F0120\source\R5T.F0120\R5T.F0120.csproj", "{D40D2BFE-ABBC-40E7-815F-75F1A74CAD3C}"
EndProject
Project("{9A19103F-16F7-4668-BE54-9A1E7A4F7556}") = "R5T.F0124", "..\..\R5T.F0124\source\R5T.F0124\R5T.F0124.csproj", "{1993507F-9F47-47DD-A573-D35B978E9B71}"
EndProject
Project("{9A19103F-16F7-4668-BE54-9A1E7A4F7556}") = "R5T.F0125", "..\..\R5T.F0125\source\R5T.F0125\R5T.F0125.csproj", "{9AE9DFC0-3676-4B57-B11E-AC83E89100C1}"
EndProject
Project("{9A19103F-16F7-4668-BE54-9A1E7A4F7556}") = "R5T.F0135", "..\..\R5T.F0135\source\R5T.F0135\R5T.F0135.csproj", "{9E8256FD-2969-4A00-86BE-A5D431C6259A}"
EndProject
Project("{9A19103F-16F7-4668-BE54-9A1E7A4F7556}") = "R5T.L0030.T000", "..\..\R5T.L0030\source\R5T.L0030.T000\R5T.L0030.T000.csproj", "{E322CF05-6E97-4177-BF3A-2B6B80F0B3AA}"
EndProject
Project("{9A19103F-16F7-4668-BE54-9A1E7A4F7556}") = "R5T.L0030", "..\..\R5T.L0030\source\R5T.L0030\R5T.L0030.csproj", "{F06198DA-E2DE-42E3-873C-6B2A5FF104BC}"
EndProject
Project("{9A19103F-16F7-4668-BE54-9A1E7A4F7556}") = "R5T.L0034", "..\..\R5T.L0034\source\R5T.L0034\R5T.L0034.csproj", "{C08BB313-F03A-4817-BD4C-D044A81193D0}"
EndProject
Project("{9A19103F-16F7-4668-BE54-9A1E7A4F7556}") = "R5T.L0035", "..\..\R5T.L0035\source\R5T.L0035\R5T.L0035.csproj", "{854044C5-112E-449A-B1DC-04520C03E23E}"
EndProject
Project("{9A19103F-16F7-4668-BE54-9A1E7A4F7556}") = "R5T.NG0021", "..\..\R5T.NG0021\source\R5T.NG0021\R5T.NG0021.csproj", "{DFFEDDFF-B5E4-4B0B-B8E0-707E85CEEE8C}"
EndProject
Project("{9A19103F-16F7-4668-BE54-9A1E7A4F7556}") = "R5T.T0131", "..\..\R5T.T0131\source\R5T.T0131\R5T.T0131.csproj", "{EA2DEB33-D6A0-4E65-9D4C-08D00BE14409}"
EndProject
Project("{9A19103F-16F7-4668-BE54-9A1E7A4F7556}") = "R5T.T0132", "..\..\R5T.T0132\source\R5T.T0132\R5T.T0132.csproj", "{0532912D-508D-400B-9BD5-ED794429C8F3}"
EndProject
Project("{9A19103F-16F7-4668-BE54-9A1E7A4F7556}") = "R5T.T0142", "..\..\R5T.T0142\source\R5T.T0142\R5T.T0142.csproj", "{4556586A-BFE7-49F5-97E9-522285A75C3E}"
EndProject
Project("{9A19103F-16F7-4668-BE54-9A1E7A4F7556}") = "R5T.T0143", "..\..\R5T.T0143\source\R5T.T0143\R5T.T0143.csproj", "{908C3885-9F5B-4CFB-B0C1-95143FB59A9D}"
EndProject
Project("{9A19103F-16F7-4668-BE54-9A1E7A4F7556}") = "R5T.T0156", "..\..\R5T.T0156\source\R5T.T0156\R5T.T0156.csproj", "{A9EF2FBF-C9D8-493D-992A-0251ABED0CFB}"
EndProject
Project("{9A19103F-16F7-4668-BE54-9A1E7A4F7556}") = "R5T.T0174", "..\..\R5T.T0174\source\R5T.T0174\R5T.T0174.csproj", "{D279F44C-D664-4147-A1F1-16E64EA2F558}"
EndProject
Project("{9A19103F-16F7-4668-BE54-9A1E7A4F7556}") = "R5T.T0176", "..\..\R5T.T0176\source\R5T.T0176\R5T.T0176.csproj", "{92BACFF5-8D79-4454-9AF7-3BACF61EE4C2}"
EndProject
Project("{9A19103F-16F7-4668-BE54-9A1E7A4F7556}") = "R5T.T0177", "..\..\R5T.T0177\source\R5T.T0177\R5T.T0177.csproj", "{E6BA939B-0566-407C-9BE1-9440E77230E6}"
EndProject
Project("{9A19103F-16F7-4668-BE54-9A1E7A4F7556}") = "R5T.T0178", "..\..\R5T.T0178\source\R5T.T0178\R5T.T0178.csproj", "{556C7D1B-A4B1-4F74-84F4-00BD717800BD}"
EndProject
Project("{9A19103F-16F7-4668-BE54-9A1E7A4F7556}") = "R5T.T0179", "..\..\R5T.T0179\source\R5T.T0179\R5T.T0179.csproj", "{49AD11C4-5722-42EE-8E95-0BC13ADB5A7F}"
EndProject
Project("{9A19103F-16F7-4668-BE54-9A1E7A4F7556}") = "R5T.T0180", "..\..\R5T.T0180\source\R5T.T0180\R5T.T0180.csproj", "{0CD2CAD1-D135-48AD-942E-E4F57445E2EB}"
EndProject
Project("{9A19103F-16F7-4668-BE54-9A1E7A4F7556}") = "R5T.T0181", "..\..\R5T.T0181\source\R5T.T0181\R5T.T0181.csproj", "{DAEBF534-D46A-427B-B7E0-C20BC1193B42}"
EndProject
Project("{9A19103F-16F7-4668-BE54-9A1E7A4F7556}") = "R5T.T0185", "..\..\R5T.T0185\source\R5T.T0185\R5T.T0185.csproj", "{37AA279E-BE51-4E19-8EFC-9935B9252EB1}"
EndProject
Project("{9A19103F-16F7-4668-BE54-9A1E7A4F7556}") = "R5T.T0203", "..\..\R5T.T0203\source\R5T.T0203\R5T.T0203.csproj", "{024477EB-4C14-453B-961D-B7891FFC5F63}"
EndProject
Project("{9A19103F-16F7-4668-BE54-9A1E7A4F7556}") = "R5T.Y0000", "..\..\R5T.Y0000\source\R5T.Y0000\R5T.Y0000.csproj", "{64E34132-921B-4CFF-B5EA-3022731675FA}"
EndProject
Project("{9A19103F-16F7-4668-BE54-9A1E7A4F7556}") = "R5T.Z0000", "..\..\R5T.Z0000\source\R5T.Z0000\R5T.Z0000.csproj", "{31C3A1C5-2C38-4FAF-BC42-5FEB81B01C2D}"
EndProject
Global
	GlobalSection(NestedProjects) = preSolution
		{14DBA74D-76F1-4ED5-BAF0-EA68EC75AD7F} = {8B369430-68F1-46AA-A61D-F8CF02AC4D72}
		{DD02D3F8-58DC-4ADB-8FCF-2B9E8262A34E} = {8B369430-68F1-46AA-A61D-F8CF02AC4D72}
		{D40D2BFE-ABBC-40E7-815F-75F1A74CAD3C} = {8B369430-68F1-46AA-A61D-F8CF02AC4D72}
		{1993507F-9F47-47DD-A573-D35B978E9B71} = {8B369430-68F1-46AA-A61D-F8CF02AC4D72}
		{9AE9DFC0-3676-4B57-B11E-AC83E89100C1} = {8B369430-68F1-46AA-A61D-F8CF02AC4D72}
		{9E8256FD-2969-4A00-86BE-A5D431C6259A} = {8B369430-68F1-46AA-A61D-F8CF02AC4D72}
		{E322CF05-6E97-4177-BF3A-2B6B80F0B3AA} = {8B369430-68F1-46AA-A61D-F8CF02AC4D72}
		{F06198DA-E2DE-42E3-873C-6B2A5FF104BC} = {8B369430-68F1-46AA-A61D-F8CF02AC4D72}
		{C08BB313-F03A-4817-BD4C-D044A81193D0} = {8B369430-68F1-46AA-A61D-F8CF02AC4D72}
		{854044C5-112E-449A-B1DC-04520C03E23E} = {8B369430-68F1-46AA-A61D-F8CF02AC4D72}
		{DFFEDDFF-B5E4-4B0B-B8E0-707E85CEEE8C} = {8B369430-68F1-46AA-A61D-F8CF02AC4D72}
		{EA2DEB33-D6A0-4E65-9D4C-08D00BE14409} = {8B369430-68F1-46AA-A61D-F8CF02AC4D72}
		{0532912D-508D-400B-9BD5-ED794429C8F3} = {8B369430-68F1-46AA-A61D-F8CF02AC4D72}
		{4556586A-BFE7-49F5-97E9-522285A75C3E} = {8B369430-68F1-46AA-A61D-F8CF02AC4D72}
		{908C3885-9F5B-4CFB-B0C1-95143FB59A9D} = {8B369430-68F1-46AA-A61D-F8CF02AC4D72}
		{A9EF2FBF-C9D8-493D-992A-0251ABED0CFB} = {8B369430-68F1-46AA-A61D-F8CF02AC4D72}
		{D279F44C-D664-4147-A1F1-16E64EA2F558} = {8B369430-68F1-46AA-A61D-F8CF02AC4D72}
		{92BACFF5-8D79-4454-9AF7-3BACF61EE4C2} = {8B369430-68F1-46AA-A61D-F8CF02AC4D72}
		{E6BA939B-0566-407C-9BE1-9440E77230E6} = {8B369430-68F1-46AA-A61D-F8CF02AC4D72}
		{556C7D1B-A4B1-4F74-84F4-00BD717800BD} = {8B369430-68F1-46AA-A61D-F8CF02AC4D72}
		{49AD11C4-5722-42EE-8E95-0BC13ADB5A7F} = {8B369430-68F1-46AA-A61D-F8CF02AC4D72}
		{0CD2CAD1-D135-48AD-942E-E4F57445E2EB} = {8B369430-68F1-46AA-A61D-F8CF02AC4D72}
		{DAEBF534-D46A-427B-B7E0-C20BC1193B42} = {8B369430-68F1-46AA-A61D-F8CF02AC4D72}
		{37AA279E-BE51-4E19-8EFC-9935B9252EB1} = {8B369430-68F1-46AA-A61D-F8CF02AC4D72}
		{024477EB-4C14-453B-961D-B7891FFC5F63} = {8B369430-68F1-46AA-A61D-F8CF02AC4D72}
		{64E34132-921B-4CFF-B5EA-3022731675FA} = {8B369430-68F1-46AA-A61D-F8CF02AC4D72}
		{31C3A1C5-2C38-4FAF-BC42-5FEB81B01C2D} = {8B369430-68F1-46AA-A61D-F8CF02AC4D72}
	EndGlobalSection
	GlobalSection(SolutionConfigurationPlatforms) = preSolution
		Debug|Any CPU = Debug|Any CPU
		Release|Any CPU = Release|Any CPU
	EndGlobalSection
	GlobalSection(ProjectConfigurationPlatforms) = postSolution
		{86C25092-A80E-438B-95C4-AE5DBBCA65D5}.Debug|Any CPU.ActiveCfg = Debug|Any CPU
		{86C25092-A80E-438B-95C4-AE5DBBCA65D5}.Debug|Any CPU.Build.0 = Debug|Any CPU
		{86C25092-A80E-438B-95C4-AE5DBBCA65D5}.Release|Any CPU.ActiveCfg = Release|Any CPU
		{86C25092-A80E-438B-95C4-AE5DBBCA65D5}.Release|Any CPU.Build.0 = Release|Any CPU
		{14DBA74D-76F1-4ED5-BAF0-EA68EC75AD7F}.Debug|Any CPU.ActiveCfg = Debug|Any CPU
		{14DBA74D-76F1-4ED5-BAF0-EA68EC75AD7F}.Debug|Any CPU.Build.0 = Debug|Any CPU
		{14DBA74D-76F1-4ED5-BAF0-EA68EC75AD7F}.Release|Any CPU.ActiveCfg = Release|Any CPU
		{14DBA74D-76F1-4ED5-BAF0-EA68EC75AD7F}.Release|Any CPU.Build.0 = Release|Any CPU
		{DD02D3F8-58DC-4ADB-8FCF-2B9E8262A34E}.Debug|Any CPU.ActiveCfg = Debug|Any CPU
		{DD02D3F8-58DC-4ADB-8FCF-2B9E8262A34E}.Debug|Any CPU.Build.0 = Debug|Any CPU
		{DD02D3F8-58DC-4ADB-8FCF-2B9E8262A34E}.Release|Any CPU.ActiveCfg = Release|Any CPU
		{DD02D3F8-58DC-4ADB-8FCF-2B9E8262A34E}.Release|Any CPU.Build.0 = Release|Any CPU
		{D40D2BFE-ABBC-40E7-815F-75F1A74CAD3C}.Debug|Any CPU.ActiveCfg = Debug|Any CPU
		{D40D2BFE-ABBC-40E7-815F-75F1A74CAD3C}.Debug|Any CPU.Build.0 = Debug|Any CPU
		{D40D2BFE-ABBC-40E7-815F-75F1A74CAD3C}.Release|Any CPU.ActiveCfg = Release|Any CPU
		{D40D2BFE-ABBC-40E7-815F-75F1A74CAD3C}.Release|Any CPU.Build.0 = Release|Any CPU
		{1993507F-9F47-47DD-A573-D35B978E9B71}.Debug|Any CPU.ActiveCfg = Debug|Any CPU
		{1993507F-9F47-47DD-A573-D35B978E9B71}.Debug|Any CPU.Build.0 = Debug|Any CPU
		{1993507F-9F47-47DD-A573-D35B978E9B71}.Release|Any CPU.ActiveCfg = Release|Any CPU
		{1993507F-9F47-47DD-A573-D35B978E9B71}.Release|Any CPU.Build.0 = Release|Any CPU
		{9AE9DFC0-3676-4B57-B11E-AC83E89100C1}.Debug|Any CPU.ActiveCfg = Debug|Any CPU
		{9AE9DFC0-3676-4B57-B11E-AC83E89100C1}.Debug|Any CPU.Build.0 = Debug|Any CPU
		{9AE9DFC0-3676-4B57-B11E-AC83E89100C1}.Release|Any CPU.ActiveCfg = Release|Any CPU
		{9AE9DFC0-3676-4B57-B11E-AC83E89100C1}.Release|Any CPU.Build.0 = Release|Any CPU
		{9E8256FD-2969-4A00-86BE-A5D431C6259A}.Debug|Any CPU.ActiveCfg = Debug|Any CPU
		{9E8256FD-2969-4A00-86BE-A5D431C6259A}.Debug|Any CPU.Build.0 = Debug|Any CPU
		{9E8256FD-2969-4A00-86BE-A5D431C6259A}.Release|Any CPU.ActiveCfg = Release|Any CPU
		{9E8256FD-2969-4A00-86BE-A5D431C6259A}.Release|Any CPU.Build.0 = Release|Any CPU
		{E322CF05-6E97-4177-BF3A-2B6B80F0B3AA}.Debug|Any CPU.ActiveCfg = Debug|Any CPU
		{E322CF05-6E97-4177-BF3A-2B6B80F0B3AA}.Debug|Any CPU.Build.0 = Debug|Any CPU
		{E322CF05-6E97-4177-BF3A-2B6B80F0B3AA}.Release|Any CPU.ActiveCfg = Release|Any CPU
		{E322CF05-6E97-4177-BF3A-2B6B80F0B3AA}.Release|Any CPU.Build.0 = Release|Any CPU
		{F06198DA-E2DE-42E3-873C-6B2A5FF104BC}.Debug|Any CPU.ActiveCfg = Debug|Any CPU
		{F06198DA-E2DE-42E3-873C-6B2A5FF104BC}.Debug|Any CPU.Build.0 = Debug|Any CPU
		{F06198DA-E2DE-42E3-873C-6B2A5FF104BC}.Release|Any CPU.ActiveCfg = Release|Any CPU
		{F06198DA-E2DE-42E3-873C-6B2A5FF104BC}.Release|Any CPU.Build.0 = Release|Any CPU
		{C08BB313-F03A-4817-BD4C-D044A81193D0}.Debug|Any CPU.ActiveCfg = Debug|Any CPU
		{C08BB313-F03A-4817-BD4C-D044A81193D0}.Debug|Any CPU.Build.0 = Debug|Any CPU
		{C08BB313-F03A-4817-BD4C-D044A81193D0}.Release|Any CPU.ActiveCfg = Release|Any CPU
		{C08BB313-F03A-4817-BD4C-D044A81193D0}.Release|Any CPU.Build.0 = Release|Any CPU
		{854044C5-112E-449A-B1DC-04520C03E23E}.Debug|Any CPU.ActiveCfg = Debug|Any CPU
		{854044C5-112E-449A-B1DC-04520C03E23E}.Debug|Any CPU.Build.0 = Debug|Any CPU
		{854044C5-112E-449A-B1DC-04520C03E23E}.Release|Any CPU.ActiveCfg = Release|Any CPU
		{854044C5-112E-449A-B1DC-04520C03E23E}.Release|Any CPU.Build.0 = Release|Any CPU
		{DFFEDDFF-B5E4-4B0B-B8E0-707E85CEEE8C}.Debug|Any CPU.ActiveCfg = Debug|Any CPU
		{DFFEDDFF-B5E4-4B0B-B8E0-707E85CEEE8C}.Debug|Any CPU.Build.0 = Debug|Any CPU
		{DFFEDDFF-B5E4-4B0B-B8E0-707E85CEEE8C}.Release|Any CPU.ActiveCfg = Release|Any CPU
		{DFFEDDFF-B5E4-4B0B-B8E0-707E85CEEE8C}.Release|Any CPU.Build.0 = Release|Any CPU
		{EA2DEB33-D6A0-4E65-9D4C-08D00BE14409}.Debug|Any CPU.ActiveCfg = Debug|Any CPU
		{EA2DEB33-D6A0-4E65-9D4C-08D00BE14409}.Debug|Any CPU.Build.0 = Debug|Any CPU
		{EA2DEB33-D6A0-4E65-9D4C-08D00BE14409}.Release|Any CPU.ActiveCfg = Release|Any CPU
		{EA2DEB33-D6A0-4E65-9D4C-08D00BE14409}.Release|Any CPU.Build.0 = Release|Any CPU
		{0532912D-508D-400B-9BD5-ED794429C8F3}.Debug|Any CPU.ActiveCfg = Debug|Any CPU
		{0532912D-508D-400B-9BD5-ED794429C8F3}.Debug|Any CPU.Build.0 = Debug|Any CPU
		{0532912D-508D-400B-9BD5-ED794429C8F3}.Release|Any CPU.ActiveCfg = Release|Any CPU
		{0532912D-508D-400B-9BD5-ED794429C8F3}.Release|Any CPU.Build.0 = Release|Any CPU
		{4556586A-BFE7-49F5-97E9-522285A75C3E}.Debug|Any CPU.ActiveCfg = Debug|Any CPU
		{4556586A-BFE7-49F5-97E9-522285A75C3E}.Debug|Any CPU.Build.0 = Debug|Any CPU
		{4556586A-BFE7-49F5-97E9-522285A75C3E}.Release|Any CPU.ActiveCfg = Release|Any CPU
		{4556586A-BFE7-49F5-97E9-522285A75C3E}.Release|Any CPU.Build.0 = Release|Any CPU
		{908C3885-9F5B-4CFB-B0C1-95143FB59A9D}.Debug|Any CPU.ActiveCfg = Debug|Any CPU
		{908C3885-9F5B-4CFB-B0C1-95143FB59A9D}.Debug|Any CPU.Build.0 = Debug|Any CPU
		{908C3885-9F5B-4CFB-B0C1-95143FB59A9D}.Release|Any CPU.ActiveCfg = Release|Any CPU
		{908C3885-9F5B-4CFB-B0C1-95143FB59A9D}.Release|Any CPU.Build.0 = Release|Any CPU
		{A9EF2FBF-C9D8-493D-992A-0251ABED0CFB}.Debug|Any CPU.ActiveCfg = Debug|Any CPU
		{A9EF2FBF-C9D8-493D-992A-0251ABED0CFB}.Debug|Any CPU.Build.0 = Debug|Any CPU
		{A9EF2FBF-C9D8-493D-992A-0251ABED0CFB}.Release|Any CPU.ActiveCfg = Release|Any CPU
		{A9EF2FBF-C9D8-493D-992A-0251ABED0CFB}.Release|Any CPU.Build.0 = Release|Any CPU
		{D279F44C-D664-4147-A1F1-16E64EA2F558}.Debug|Any CPU.ActiveCfg = Debug|Any CPU
		{D279F44C-D664-4147-A1F1-16E64EA2F558}.Debug|Any CPU.Build.0 = Debug|Any CPU
		{D279F44C-D664-4147-A1F1-16E64EA2F558}.Release|Any CPU.ActiveCfg = Release|Any CPU
		{D279F44C-D664-4147-A1F1-16E64EA2F558}.Release|Any CPU.Build.0 = Release|Any CPU
		{92BACFF5-8D79-4454-9AF7-3BACF61EE4C2}.Debug|Any CPU.ActiveCfg = Debug|Any CPU
		{92BACFF5-8D79-4454-9AF7-3BACF61EE4C2}.Debug|Any CPU.Build.0 = Debug|Any CPU
		{92BACFF5-8D79-4454-9AF7-3BACF61EE4C2}.Release|Any CPU.ActiveCfg = Release|Any CPU
		{92BACFF5-8D79-4454-9AF7-3BACF61EE4C2}.Release|Any CPU.Build.0 = Release|Any CPU
		{E6BA939B-0566-407C-9BE1-9440E77230E6}.Debug|Any CPU.ActiveCfg = Debug|Any CPU
		{E6BA939B-0566-407C-9BE1-9440E77230E6}.Debug|Any CPU.Build.0 = Debug|Any CPU
		{E6BA939B-0566-407C-9BE1-9440E77230E6}.Release|Any CPU.ActiveCfg = Release|Any CPU
		{E6BA939B-0566-407C-9BE1-9440E77230E6}.Release|Any CPU.Build.0 = Release|Any CPU
		{556C7D1B-A4B1-4F74-84F4-00BD717800BD}.Debug|Any CPU.ActiveCfg = Debug|Any CPU
		{556C7D1B-A4B1-4F74-84F4-00BD717800BD}.Debug|Any CPU.Build.0 = Debug|Any CPU
		{556C7D1B-A4B1-4F74-84F4-00BD717800BD}.Release|Any CPU.ActiveCfg = Release|Any CPU
		{556C7D1B-A4B1-4F74-84F4-00BD717800BD}.Release|Any CPU.Build.0 = Release|Any CPU
		{49AD11C4-5722-42EE-8E95-0BC13ADB5A7F}.Debug|Any CPU.ActiveCfg = Debug|Any CPU
		{49AD11C4-5722-42EE-8E95-0BC13ADB5A7F}.Debug|Any CPU.Build.0 = Debug|Any CPU
		{49AD11C4-5722-42EE-8E95-0BC13ADB5A7F}.Release|Any CPU.ActiveCfg = Release|Any CPU
		{49AD11C4-5722-42EE-8E95-0BC13ADB5A7F}.Release|Any CPU.Build.0 = Release|Any CPU
		{0CD2CAD1-D135-48AD-942E-E4F57445E2EB}.Debug|Any CPU.ActiveCfg = Debug|Any CPU
		{0CD2CAD1-D135-48AD-942E-E4F57445E2EB}.Debug|Any CPU.Build.0 = Debug|Any CPU
		{0CD2CAD1-D135-48AD-942E-E4F57445E2EB}.Release|Any CPU.ActiveCfg = Release|Any CPU
		{0CD2CAD1-D135-48AD-942E-E4F57445E2EB}.Release|Any CPU.Build.0 = Release|Any CPU
		{DAEBF534-D46A-427B-B7E0-C20BC1193B42}.Debug|Any CPU.ActiveCfg = Debug|Any CPU
		{DAEBF534-D46A-427B-B7E0-C20BC1193B42}.Debug|Any CPU.Build.0 = Debug|Any CPU
		{DAEBF534-D46A-427B-B7E0-C20BC1193B42}.Release|Any CPU.ActiveCfg = Release|Any CPU
		{DAEBF534-D46A-427B-B7E0-C20BC1193B42}.Release|Any CPU.Build.0 = Release|Any CPU
		{37AA279E-BE51-4E19-8EFC-9935B9252EB1}.Debug|Any CPU.ActiveCfg = Debug|Any CPU
		{37AA279E-BE51-4E19-8EFC-9935B9252EB1}.Debug|Any CPU.Build.0 = Debug|Any CPU
		{37AA279E-BE51-4E19-8EFC-9935B9252EB1}.Release|Any CPU.ActiveCfg = Release|Any CPU
		{37AA279E-BE51-4E19-8EFC-9935B9252EB1}.Release|Any CPU.Build.0 = Release|Any CPU
		{024477EB-4C14-453B-961D-B7891FFC5F63}.Debug|Any CPU.ActiveCfg = Debug|Any CPU
		{024477EB-4C14-453B-961D-B7891FFC5F63}.Debug|Any CPU.Build.0 = Debug|Any CPU
		{024477EB-4C14-453B-961D-B7891FFC5F63}.Release|Any CPU.ActiveCfg = Release|Any CPU
		{024477EB-4C14-453B-961D-B7891FFC5F63}.Release|Any CPU.Build.0 = Release|Any CPU
		{64E34132-921B-4CFF-B5EA-3022731675FA}.Debug|Any CPU.ActiveCfg = Debug|Any CPU
		{64E34132-921B-4CFF-B5EA-3022731675FA}.Debug|Any CPU.Build.0 = Debug|Any CPU
		{64E34132-921B-4CFF-B5EA-3022731675FA}.Release|Any CPU.ActiveCfg = Release|Any CPU
		{64E34132-921B-4CFF-B5EA-3022731675FA}.Release|Any CPU.Build.0 = Release|Any CPU
		{31C3A1C5-2C38-4FAF-BC42-5FEB81B01C2D}.Debug|Any CPU.ActiveCfg = Debug|Any CPU
		{31C3A1C5-2C38-4FAF-BC42-5FEB81B01C2D}.Debug|Any CPU.Build.0 = Debug|Any CPU
		{31C3A1C5-2C38-4FAF-BC42-5FEB81B01C2D}.Release|Any CPU.ActiveCfg = Release|Any CPU
		{31C3A1C5-2C38-4FAF-BC42-5FEB81B01C2D}.Release|Any CPU.Build.0 = Release|Any CPU
	EndGlobalSection
	GlobalSection(SolutionProperties) = preSolution
		HideSolutionNode = FALSE
	EndGlobalSection
	GlobalSection(ExtensibilityGlobals) = postSolution
		SolutionGuid = {97FBF2CF-6EEE-4D3D-9D77-C4620321E9B8}
	EndGlobalSection
EndGlobal
