
Microsoft Visual Studio Solution File, Format Version 12.00
# Visual Studio Version 17
VisualStudioVersion = 17.2.32630.192
MinimumVisualStudioVersion = 10.0.40219.1
Project("{9A19103F-16F7-4668-BE54-9A1E7A4F7556}") = "R5T.O0020.Construction", "R5T.O0020.Construction\R5T.O0020.Construction.csproj", "{5B43312A-31BF-42A5-88B6-B4930F66EBC6}"
EndProject
Project("{9A19103F-16F7-4668-BE54-9A1E7A4F7556}") = "R5T.O0020", "R5T.O0020\R5T.O0020.csproj", "{1F288BAC-B734-4BDE-BD26-9093629D8829}"
EndProject
Global
	GlobalSection(SolutionConfigurationPlatforms) = preSolution
		Debug|Any CPU = Debug|Any CPU
		Release|Any CPU = Release|Any CPU
	EndGlobalSection
	GlobalSection(ProjectConfigurationPlatforms) = postSolution
		{5B43312A-31BF-42A5-88B6-B4930F66EBC6}.Debug|Any CPU.ActiveCfg = Debug|Any CPU
		{5B43312A-31BF-42A5-88B6-B4930F66EBC6}.Debug|Any CPU.Build.0 = Debug|Any CPU
		{5B43312A-31BF-42A5-88B6-B4930F66EBC6}.Release|Any CPU.ActiveCfg = Release|Any CPU
		{5B43312A-31BF-42A5-88B6-B4930F66EBC6}.Release|Any CPU.Build.0 = Release|Any CPU
		{1F288BAC-B734-4BDE-BD26-9093629D8829}.Debug|Any CPU.ActiveCfg = Debug|Any CPU
		{1F288BAC-B734-4BDE-BD26-9093629D8829}.Debug|Any CPU.Build.0 = Debug|Any CPU
		{1F288BAC-B734-4BDE-BD26-9093629D8829}.Release|Any CPU.ActiveCfg = Release|Any CPU
		{1F288BAC-B734-4BDE-BD26-9093629D8829}.Release|Any CPU.Build.0 = Release|Any CPU
	EndGlobalSection
	GlobalSection(SolutionProperties) = preSolution
		HideSolutionNode = FALSE
	EndGlobalSection
	GlobalSection(ExtensibilityGlobals) = postSolution
		SolutionGuid = {CD7B54C4-4DF1-45F3-84B8-53F67C8F1CBD}
	EndGlobalSection
EndGlobal
